Microsoft Visual Studio Solution File, Format Version 12.00
# Visual Studio 15
VisualStudioVersion = 15.0.27130.2024
MinimumVisualStudioVersion = 15.0.26124.0
Project("{9A19103F-16F7-4668-BE54-9A1E7A4F7556}") = "ParadoxReader", "src\ParadoxReader\ParadoxReader.csproj", "{D5FA6905-BC9A-4E95-B5A3-99546A370E3F}"
EndProject
Project("{FAE04EC0-301F-11D3-BF4B-00C04F79EFBC}") = "ParadoxReader.Tests", "src\ParadoxReader.Tests\ParadoxReader.Tests.csproj", "{19316ECA-116A-4731-A96B-36C6DA576E3F}"
EndProject
Global
	GlobalSection(SolutionConfigurationPlatforms) = preSolution
		Debug|Any CPU = Debug|Any CPU
		Debug|x64 = Debug|x64
		Debug|x86 = Debug|x86
		Release|Any CPU = Release|Any CPU
		Release|x64 = Release|x64
		Release|x86 = Release|x86
	EndGlobalSection
	GlobalSection(ProjectConfigurationPlatforms) = postSolution
		{D5FA6905-BC9A-4E95-B5A3-99546A370E3F}.Debug|Any CPU.ActiveCfg = Debug|Any CPU
		{D5FA6905-BC9A-4E95-B5A3-99546A370E3F}.Debug|Any CPU.Build.0 = Debug|Any CPU
		{D5FA6905-BC9A-4E95-B5A3-99546A370E3F}.Debug|x64.ActiveCfg = Debug|Any CPU
		{D5FA6905-BC9A-4E95-B5A3-99546A370E3F}.Debug|x64.Build.0 = Debug|Any CPU
		{D5FA6905-BC9A-4E95-B5A3-99546A370E3F}.Debug|x86.ActiveCfg = Debug|Any CPU
		{D5FA6905-BC9A-4E95-B5A3-99546A370E3F}.Debug|x86.Build.0 = Debug|Any CPU
		{D5FA6905-BC9A-4E95-B5A3-99546A370E3F}.Release|Any CPU.ActiveCfg = Release|Any CPU
		{D5FA6905-BC9A-4E95-B5A3-99546A370E3F}.Release|Any CPU.Build.0 = Release|Any CPU
		{D5FA6905-BC9A-4E95-B5A3-99546A370E3F}.Release|x64.ActiveCfg = Release|Any CPU
		{D5FA6905-BC9A-4E95-B5A3-99546A370E3F}.Release|x64.Build.0 = Release|Any CPU
		{D5FA6905-BC9A-4E95-B5A3-99546A370E3F}.Release|x86.ActiveCfg = Release|Any CPU
		{D5FA6905-BC9A-4E95-B5A3-99546A370E3F}.Release|x86.Build.0 = Release|Any CPU
		{19316ECA-116A-4731-A96B-36C6DA576E3F}.Debug|Any CPU.ActiveCfg = Debug|Any CPU
		{19316ECA-116A-4731-A96B-36C6DA576E3F}.Debug|Any CPU.Build.0 = Debug|Any CPU
		{19316ECA-116A-4731-A96B-36C6DA576E3F}.Debug|x64.ActiveCfg = Debug|Any CPU
		{19316ECA-116A-4731-A96B-36C6DA576E3F}.Debug|x64.Build.0 = Debug|Any CPU
		{19316ECA-116A-4731-A96B-36C6DA576E3F}.Debug|x86.ActiveCfg = Debug|Any CPU
		{19316ECA-116A-4731-A96B-36C6DA576E3F}.Debug|x86.Build.0 = Debug|Any CPU
		{19316ECA-116A-4731-A96B-36C6DA576E3F}.Release|Any CPU.ActiveCfg = Release|Any CPU
		{19316ECA-116A-4731-A96B-36C6DA576E3F}.Release|Any CPU.Build.0 = Release|Any CPU
		{19316ECA-116A-4731-A96B-36C6DA576E3F}.Release|x64.ActiveCfg = Release|Any CPU
		{19316ECA-116A-4731-A96B-36C6DA576E3F}.Release|x64.Build.0 = Release|Any CPU
		{19316ECA-116A-4731-A96B-36C6DA576E3F}.Release|x86.ActiveCfg = Release|Any CPU
		{19316ECA-116A-4731-A96B-36C6DA576E3F}.Release|x86.Build.0 = Release|Any CPU
	EndGlobalSection
	GlobalSection(SolutionProperties) = preSolution
		HideSolutionNode = FALSE
	EndGlobalSection
	GlobalSection(ExtensibilityGlobals) = postSolution
		SolutionGuid = {D66A30E1-66A3-4C21-BA99-441EAB3A7BA6}
	EndGlobalSection
EndGlobal
